
Microsoft Visual Studio Solution File, Format Version 12.00
# Visual Studio 15
VisualStudioVersion = 15.0.28307.489
MinimumVisualStudioVersion = 10.0.40219.1
Project("{8BC9CEB8-8B4A-11D0-8D11-00A0C91BC942}") = "1.整型", "1.整型\1.整型.vcxproj", "{DEE7AFDF-458F-4EA8-BAA7-5331AAA4752C}"
EndProject
Project("{8BC9CEB8-8B4A-11D0-8D11-00A0C91BC942}") = "2.补码", "2.补码\2.补码.vcxproj", "{8503D80F-D834-40AA-9EEF-D1B698004402}"
EndProject
Project("{8BC9CEB8-8B4A-11D0-8D11-00A0C91BC942}") = "3.浮点数", "3.浮点数\3.浮点数.vcxproj", "{4489E94A-1676-4C85-8355-64806BEECC2D}"
EndProject
Project("{8BC9CEB8-8B4A-11D0-8D11-00A0C91BC942}") = "4.字符型", "4.字符型\4.字符型.vcxproj", "{FA9312C4-2004-4E3F-B578-0A3397A4A436}"
EndProject
Project("{8BC9CEB8-8B4A-11D0-8D11-00A0C91BC942}") = "5.混合运算", "5.混合运算\5.混合运算.vcxproj", "{E8765869-2D90-45B3-9F87-9DD25F8E6D13}"
EndProject
Project("{8BC9CEB8-8B4A-11D0-8D11-00A0C91BC942}") = "6.scanf", "6.scanf\6.scanf.vcxproj", "{C4C161AF-D765-47A5-86EA-3087460F473F}"
EndProject
Project("{8BC9CEB8-8B4A-11D0-8D11-00A0C91BC942}") = "7.while_scanf", "7.while_scanf\7.while_scanf.vcxproj", "{C786EF83-A016-4821-9B4C-81849B2FBE15}"
EndProject
Project("{8BC9CEB8-8B4A-11D0-8D11-00A0C91BC942}") = "8.scanf读取字符串并打印输出", "8.scanf读取字符串并打印输出\8.scanf读取字符串并打印输出.vcxproj", "{D8BB9B1F-54BA-4C96-A350-A92340AEED21}"
EndProject
Project("{8BC9CEB8-8B4A-11D0-8D11-00A0C91BC942}") = "9.scanf多种类型混合输入", "9.scanf多种类型混合输入\9.scanf多种类型混合输入.vcxproj", "{17AC68AC-8DEB-4360-9D67-671D25BD81A7}"
EndProject
Global
	GlobalSection(SolutionConfigurationPlatforms) = preSolution
		Debug|x64 = Debug|x64
		Debug|x86 = Debug|x86
		Release|x64 = Release|x64
		Release|x86 = Release|x86
	EndGlobalSection
	GlobalSection(ProjectConfigurationPlatforms) = postSolution
		{DEE7AFDF-458F-4EA8-BAA7-5331AAA4752C}.Debug|x64.ActiveCfg = Debug|x64
		{DEE7AFDF-458F-4EA8-BAA7-5331AAA4752C}.Debug|x64.Build.0 = Debug|x64
		{DEE7AFDF-458F-4EA8-BAA7-5331AAA4752C}.Debug|x86.ActiveCfg = Debug|Win32
		{DEE7AFDF-458F-4EA8-BAA7-5331AAA4752C}.Debug|x86.Build.0 = Debug|Win32
		{DEE7AFDF-458F-4EA8-BAA7-5331AAA4752C}.Release|x64.ActiveCfg = Release|x64
		{DEE7AFDF-458F-4EA8-BAA7-5331AAA4752C}.Release|x64.Build.0 = Release|x64
		{DEE7AFDF-458F-4EA8-BAA7-5331AAA4752C}.Release|x86.ActiveCfg = Release|Win32
		{DEE7AFDF-458F-4EA8-BAA7-5331AAA4752C}.Release|x86.Build.0 = Release|Win32
		{8503D80F-D834-40AA-9EEF-D1B698004402}.Debug|x64.ActiveCfg = Debug|x64
		{8503D80F-D834-40AA-9EEF-D1B698004402}.Debug|x64.Build.0 = Debug|x64
		{8503D80F-D834-40AA-9EEF-D1B698004402}.Debug|x86.ActiveCfg = Debug|Win32
		{8503D80F-D834-40AA-9EEF-D1B698004402}.Debug|x86.Build.0 = Debug|Win32
		{8503D80F-D834-40AA-9EEF-D1B698004402}.Release|x64.ActiveCfg = Release|x64
		{8503D80F-D834-40AA-9EEF-D1B698004402}.Release|x64.Build.0 = Release|x64
		{8503D80F-D834-40AA-9EEF-D1B698004402}.Release|x86.ActiveCfg = Release|Win32
		{8503D80F-D834-40AA-9EEF-D1B698004402}.Release|x86.Build.0 = Release|Win32
		{4489E94A-1676-4C85-8355-64806BEECC2D}.Debug|x64.ActiveCfg = Debug|x64
		{4489E94A-1676-4C85-8355-64806BEECC2D}.Debug|x64.Build.0 = Debug|x64
		{4489E94A-1676-4C85-8355-64806BEECC2D}.Debug|x86.ActiveCfg = Debug|Win32
		{4489E94A-1676-4C85-8355-64806BEECC2D}.Debug|x86.Build.0 = Debug|Win32
		{4489E94A-1676-4C85-8355-64806BEECC2D}.Release|x64.ActiveCfg = Release|x64
		{4489E94A-1676-4C85-8355-64806BEECC2D}.Release|x64.Build.0 = Release|x64
		{4489E94A-1676-4C85-8355-64806BEECC2D}.Release|x86.ActiveCfg = Release|Win32
		{4489E94A-1676-4C85-8355-64806BEECC2D}.Release|x86.Build.0 = Release|Win32
		{FA9312C4-2004-4E3F-B578-0A3397A4A436}.Debug|x64.ActiveCfg = Debug|x64
		{FA9312C4-2004-4E3F-B578-0A3397A4A436}.Debug|x64.Build.0 = Debug|x64
		{FA9312C4-2004-4E3F-B578-0A3397A4A436}.Debug|x86.ActiveCfg = Debug|Win32
		{FA9312C4-2004-4E3F-B578-0A3397A4A436}.Debug|x86.Build.0 = Debug|Win32
		{FA9312C4-2004-4E3F-B578-0A3397A4A436}.Release|x64.ActiveCfg = Release|x64
		{FA9312C4-2004-4E3F-B578-0A3397A4A436}.Release|x64.Build.0 = Release|x64
		{FA9312C4-2004-4E3F-B578-0A3397A4A436}.Release|x86.ActiveCfg = Release|Win32
		{FA9312C4-2004-4E3F-B578-0A3397A4A436}.Release|x86.Build.0 = Release|Win32
		{E8765869-2D90-45B3-9F87-9DD25F8E6D13}.Debug|x64.ActiveCfg = Debug|x64
		{E8765869-2D90-45B3-9F87-9DD25F8E6D13}.Debug|x64.Build.0 = Debug|x64
		{E8765869-2D90-45B3-9F87-9DD25F8E6D13}.Debug|x86.ActiveCfg = Debug|Win32
		{E8765869-2D90-45B3-9F87-9DD25F8E6D13}.Debug|x86.Build.0 = Debug|Win32
		{E8765869-2D90-45B3-9F87-9DD25F8E6D13}.Release|x64.ActiveCfg = Release|x64
		{E8765869-2D90-45B3-9F87-9DD25F8E6D13}.Release|x64.Build.0 = Release|x64
		{E8765869-2D90-45B3-9F87-9DD25F8E6D13}.Release|x86.ActiveCfg = Release|Win32
		{E8765869-2D90-45B3-9F87-9DD25F8E6D13}.Release|x86.Build.0 = Release|Win32
		{C4C161AF-D765-47A5-86EA-3087460F473F}.Debug|x64.ActiveCfg = Debug|x64
		{C4C161AF-D765-47A5-86EA-3087460F473F}.Debug|x64.Build.0 = Debug|x64
		{C4C161AF-D765-47A5-86EA-3087460F473F}.Debug|x86.ActiveCfg = Debug|Win32
		{C4C161AF-D765-47A5-86EA-3087460F473F}.Debug|x86.Build.0 = Debug|Win32
		{C4C161AF-D765-47A5-86EA-3087460F473F}.Release|x64.ActiveCfg = Release|x64
		{C4C161AF-D765-47A5-86EA-3087460F473F}.Release|x64.Build.0 = Release|x64
		{C4C161AF-D765-47A5-86EA-3087460F473F}.Release|x86.ActiveCfg = Release|Win32
		{C4C161AF-D765-47A5-86EA-3087460F473F}.Release|x86.Build.0 = Release|Win32
		{C786EF83-A016-4821-9B4C-81849B2FBE15}.Debug|x64.ActiveCfg = Debug|x64
		{C786EF83-A016-4821-9B4C-81849B2FBE15}.Debug|x64.Build.0 = Debug|x64
		{C786EF83-A016-4821-9B4C-81849B2FBE15}.Debug|x86.ActiveCfg = Debug|Win32
		{C786EF83-A016-4821-9B4C-81849B2FBE15}.Debug|x86.Build.0 = Debug|Win32
		{C786EF83-A016-4821-9B4C-81849B2FBE15}.Release|x64.ActiveCfg = Release|x64
		{C786EF83-A016-4821-9B4C-81849B2FBE15}.Release|x64.Build.0 = Release|x64
		{C786EF83-A016-4821-9B4C-81849B2FBE15}.Release|x86.ActiveCfg = Release|Win32
		{C786EF83-A016-4821-9B4C-81849B2FBE15}.Release|x86.Build.0 = Release|Win32
		{D8BB9B1F-54BA-4C96-A350-A92340AEED21}.Debug|x64.ActiveCfg = Debug|x64
		{D8BB9B1F-54BA-4C96-A350-A92340AEED21}.Debug|x64.Build.0 = Debug|x64
		{D8BB9B1F-54BA-4C96-A350-A92340AEED21}.Debug|x86.ActiveCfg = Debug|Win32
		{D8BB9B1F-54BA-4C96-A350-A92340AEED21}.Debug|x86.Build.0 = Debug|Win32
		{D8BB9B1F-54BA-4C96-A350-A92340AEED21}.Release|x64.ActiveCfg = Release|x64
		{D8BB9B1F-54BA-4C96-A350-A92340AEED21}.Release|x64.Build.0 = Release|x64
		{D8BB9B1F-54BA-4C96-A350-A92340AEED21}.Release|x86.ActiveCfg = Release|Win32
		{D8BB9B1F-54BA-4C96-A350-A92340AEED21}.Release|x86.Build.0 = Release|Win32
		{17AC68AC-8DEB-4360-9D67-671D25BD81A7}.Debug|x64.ActiveCfg = Debug|x64
		{17AC68AC-8DEB-4360-9D67-671D25BD81A7}.Debug|x64.Build.0 = Debug|x64
		{17AC68AC-8DEB-4360-9D67-671D25BD81A7}.Debug|x86.ActiveCfg = Debug|Win32
		{17AC68AC-8DEB-4360-9D67-671D25BD81A7}.Debug|x86.Build.0 = Debug|Win32
		{17AC68AC-8DEB-4360-9D67-671D25BD81A7}.Release|x64.ActiveCfg = Release|x64
		{17AC68AC-8DEB-4360-9D67-671D25BD81A7}.Release|x64.Build.0 = Release|x64
		{17AC68AC-8DEB-4360-9D67-671D25BD81A7}.Release|x86.ActiveCfg = Release|Win32
		{17AC68AC-8DEB-4360-9D67-671D25BD81A7}.Release|x86.Build.0 = Release|Win32
	EndGlobalSection
	GlobalSection(SolutionProperties) = preSolution
		HideSolutionNode = FALSE
	EndGlobalSection
	GlobalSection(ExtensibilityGlobals) = postSolution
		SolutionGuid = {CCE6EB9F-0934-4828-98BC-01CE46D1DB13}
	EndGlobalSection
EndGlobal
