
Microsoft Visual Studio Solution File, Format Version 12.00
# Visual Studio 15
VisualStudioVersion = 15.0.28307.489
MinimumVisualStudioVersion = 10.0.40219.1
Project("{8BC9CEB8-8B4A-11D0-8D11-00A0C91BC942}") = "1.位运算符", "1.位运算符\1.位运算符.vcxproj", "{EBE40BD0-13F0-49AC-ADEC-C7A113A10AAA}"
EndProject
Project("{8BC9CEB8-8B4A-11D0-8D11-00A0C91BC942}") = "2.找出出现一次的那个数", "2.找出出现一次的那个数\2.找出出现一次的那个数.vcxproj", "{6126E6EE-AD77-4FD6-A5F2-43A6A8416C37}"
EndProject
Project("{8BC9CEB8-8B4A-11D0-8D11-00A0C91BC942}") = "3.条件运算符", "3.条件运算符\3.条件运算符.vcxproj", "{3F3B8FD2-29D9-4EFC-902B-969DC8A50ADC}"
EndProject
Global
	GlobalSection(SolutionConfigurationPlatforms) = preSolution
		Debug|x64 = Debug|x64
		Debug|x86 = Debug|x86
		Release|x64 = Release|x64
		Release|x86 = Release|x86
	EndGlobalSection
	GlobalSection(ProjectConfigurationPlatforms) = postSolution
		{EBE40BD0-13F0-49AC-ADEC-C7A113A10AAA}.Debug|x64.ActiveCfg = Debug|x64
		{EBE40BD0-13F0-49AC-ADEC-C7A113A10AAA}.Debug|x64.Build.0 = Debug|x64
		{EBE40BD0-13F0-49AC-ADEC-C7A113A10AAA}.Debug|x86.ActiveCfg = Debug|Win32
		{EBE40BD0-13F0-49AC-ADEC-C7A113A10AAA}.Debug|x86.Build.0 = Debug|Win32
		{EBE40BD0-13F0-49AC-ADEC-C7A113A10AAA}.Release|x64.ActiveCfg = Release|x64
		{EBE40BD0-13F0-49AC-ADEC-C7A113A10AAA}.Release|x64.Build.0 = Release|x64
		{EBE40BD0-13F0-49AC-ADEC-C7A113A10AAA}.Release|x86.ActiveCfg = Release|Win32
		{EBE40BD0-13F0-49AC-ADEC-C7A113A10AAA}.Release|x86.Build.0 = Release|Win32
		{6126E6EE-AD77-4FD6-A5F2-43A6A8416C37}.Debug|x64.ActiveCfg = Debug|x64
		{6126E6EE-AD77-4FD6-A5F2-43A6A8416C37}.Debug|x64.Build.0 = Debug|x64
		{6126E6EE-AD77-4FD6-A5F2-43A6A8416C37}.Debug|x86.ActiveCfg = Debug|Win32
		{6126E6EE-AD77-4FD6-A5F2-43A6A8416C37}.Debug|x86.Build.0 = Debug|Win32
		{6126E6EE-AD77-4FD6-A5F2-43A6A8416C37}.Release|x64.ActiveCfg = Release|x64
		{6126E6EE-AD77-4FD6-A5F2-43A6A8416C37}.Release|x64.Build.0 = Release|x64
		{6126E6EE-AD77-4FD6-A5F2-43A6A8416C37}.Release|x86.ActiveCfg = Release|Win32
		{6126E6EE-AD77-4FD6-A5F2-43A6A8416C37}.Release|x86.Build.0 = Release|Win32
		{3F3B8FD2-29D9-4EFC-902B-969DC8A50ADC}.Debug|x64.ActiveCfg = Debug|x64
		{3F3B8FD2-29D9-4EFC-902B-969DC8A50ADC}.Debug|x64.Build.0 = Debug|x64
		{3F3B8FD2-29D9-4EFC-902B-969DC8A50ADC}.Debug|x86.ActiveCfg = Debug|Win32
		{3F3B8FD2-29D9-4EFC-902B-969DC8A50ADC}.Debug|x86.Build.0 = Debug|Win32
		{3F3B8FD2-29D9-4EFC-902B-969DC8A50ADC}.Release|x64.ActiveCfg = Release|x64
		{3F3B8FD2-29D9-4EFC-902B-969DC8A50ADC}.Release|x64.Build.0 = Release|x64
		{3F3B8FD2-29D9-4EFC-902B-969DC8A50ADC}.Release|x86.ActiveCfg = Release|Win32
		{3F3B8FD2-29D9-4EFC-902B-969DC8A50ADC}.Release|x86.Build.0 = Release|Win32
	EndGlobalSection
	GlobalSection(SolutionProperties) = preSolution
		HideSolutionNode = FALSE
	EndGlobalSection
	GlobalSection(ExtensibilityGlobals) = postSolution
		SolutionGuid = {0F014E5B-59BF-4796-85D5-011D13F2F16E}
	EndGlobalSection
EndGlobal
